
Microsoft Visual Studio Solution File, Format Version 12.00
# Visual Studio 15
Project("{FAE04EC0-301F-11D3-BF4B-00C04F79EFBC}") = "Assembly-CSharp", "Assembly-CSharp.csproj", "{BB7F6CDA-EA12-C02C-B5A5-C0D776B0E276}"
EndProject
Project("{FAE04EC0-301F-11D3-BF4B-00C04F79EFBC}") = "Assembly-CSharp-Editor", "Assembly-CSharp-Editor.csproj", "{2226D67B-D094-8387-18E0-D80D9DC80FDF}"
EndProject
Global
	GlobalSection(SolutionConfigurationPlatforms) = preSolution
		Debug|Any CPU = Debug|Any CPU
		Release|Any CPU = Release|Any CPU
	EndGlobalSection
	GlobalSection(ProjectConfigurationPlatforms) = postSolution
		{BB7F6CDA-EA12-C02C-B5A5-C0D776B0E276}.Debug|Any CPU.ActiveCfg = Debug|Any CPU
		{BB7F6CDA-EA12-C02C-B5A5-C0D776B0E276}.Debug|Any CPU.Build.0 = Debug|Any CPU
		{BB7F6CDA-EA12-C02C-B5A5-C0D776B0E276}.Release|Any CPU.ActiveCfg = Release|Any CPU
		{BB7F6CDA-EA12-C02C-B5A5-C0D776B0E276}.Release|Any CPU.Build.0 = Release|Any CPU
		{2226D67B-D094-8387-18E0-D80D9DC80FDF}.Debug|Any CPU.ActiveCfg = Debug|Any CPU
		{2226D67B-D094-8387-18E0-D80D9DC80FDF}.Debug|Any CPU.Build.0 = Debug|Any CPU
		{2226D67B-D094-8387-18E0-D80D9DC80FDF}.Release|Any CPU.ActiveCfg = Release|Any CPU
		{2226D67B-D094-8387-18E0-D80D9DC80FDF}.Release|Any CPU.Build.0 = Release|Any CPU
	EndGlobalSection
	GlobalSection(SolutionProperties) = preSolution
		HideSolutionNode = FALSE
	EndGlobalSection
EndGlobal
